// !$*UTF8*$!
{
	archiveVersion = 1;
	classes = {
	};
	objectVersion = 51;
	objects = {

/* Begin PBXBuildFile section */
		320B20A5230BC1CB003262B8 /* CreateAccountViewController.swift in Sources */ = {isa = PBXBuildFile; fileRef = 320B20A4230BC1CB003262B8 /* CreateAccountViewController.swift */; };
		320B20A7230BC2BF003262B8 /* WelcomeViewController.swift in Sources */ = {isa = PBXBuildFile; fileRef = 320B20A6230BC2BF003262B8 /* WelcomeViewController.swift */; };
		320B20A9230C2925003262B8 /* LoginViewController.swift in Sources */ = {isa = PBXBuildFile; fileRef = 320B20A8230C2925003262B8 /* LoginViewController.swift */; };
		320B20AB230C3480003262B8 /* GoogleService-Info.plist in Resources */ = {isa = PBXBuildFile; fileRef = 320B20AA230C3480003262B8 /* GoogleService-Info.plist */; };
		3211BAE2230E567D00C00A2E /* ComposeTweetViewController.swift in Sources */ = {isa = PBXBuildFile; fileRef = 3211BAE1230E567D00C00A2E /* ComposeTweetViewController.swift */; };
		32E2653B230B9B3D0001F4AE /* AppDelegate.swift in Sources */ = {isa = PBXBuildFile; fileRef = 32E2653A230B9B3D0001F4AE /* AppDelegate.swift */; };
		32E2653D230B9B3D0001F4AE /* HomeViewController.swift in Sources */ = {isa = PBXBuildFile; fileRef = 32E2653C230B9B3D0001F4AE /* HomeViewController.swift */; };
		32E26540230B9B3D0001F4AE /* Main.storyboard in Resources */ = {isa = PBXBuildFile; fileRef = 32E2653E230B9B3D0001F4AE /* Main.storyboard */; };
		32E26543230B9B3D0001F4AE /* Tweeter.xcdatamodeld in Sources */ = {isa = PBXBuildFile; fileRef = 32E26541230B9B3D0001F4AE /* Tweeter.xcdatamodeld */; };
		32E26545230B9B400001F4AE /* Assets.xcassets in Resources */ = {isa = PBXBuildFile; fileRef = 32E26544230B9B400001F4AE /* Assets.xcassets */; };
		32E26548230B9B400001F4AE /* LaunchScreen.storyboard in Resources */ = {isa = PBXBuildFile; fileRef = 32E26546230B9B400001F4AE /* LaunchScreen.storyboard */; };
		C3C3039BAE12DFE55C87DD01 /* Pods_Tweeter.framework in Frameworks */ = {isa = PBXBuildFile; fileRef = 532FF786D2BE60CEC88721DA /* Pods_Tweeter.framework */; };
/* End PBXBuildFile section */

/* Begin PBXFileReference section */
		320B20A4230BC1CB003262B8 /* CreateAccountViewController.swift */ = {isa = PBXFileReference; lastKnownFileType = sourcecode.swift; path = CreateAccountViewController.swift; sourceTree = "<group>"; };
		320B20A6230BC2BF003262B8 /* WelcomeViewController.swift */ = {isa = PBXFileReference; lastKnownFileType = sourcecode.swift; path = WelcomeViewController.swift; sourceTree = "<group>"; };
		320B20A8230C2925003262B8 /* LoginViewController.swift */ = {isa = PBXFileReference; lastKnownFileType = sourcecode.swift; path = LoginViewController.swift; sourceTree = "<group>"; };
		320B20AA230C3480003262B8 /* GoogleService-Info.plist */ = {isa = PBXFileReference; fileEncoding = 4; lastKnownFileType = text.plist.xml; path = "GoogleService-Info.plist"; sourceTree = "<group>"; };
		3211BAE1230E567D00C00A2E /* ComposeTweetViewController.swift */ = {isa = PBXFileReference; lastKnownFileType = sourcecode.swift; path = ComposeTweetViewController.swift; sourceTree = "<group>"; };
		32E26537230B9B3D0001F4AE /* Tweeter.app */ = {isa = PBXFileReference; explicitFileType = wrapper.application; includeInIndex = 0; path = Tweeter.app; sourceTree = BUILT_PRODUCTS_DIR; };
		32E2653A230B9B3D0001F4AE /* AppDelegate.swift */ = {isa = PBXFileReference; lastKnownFileType = sourcecode.swift; path = AppDelegate.swift; sourceTree = "<group>"; };
		32E2653C230B9B3D0001F4AE /* HomeViewController.swift */ = {isa = PBXFileReference; lastKnownFileType = sourcecode.swift; path = HomeViewController.swift; sourceTree = "<group>"; };
		32E2653F230B9B3D0001F4AE /* Base */ = {isa = PBXFileReference; lastKnownFileType = file.storyboard; name = Base; path = Base.lproj/Main.storyboard; sourceTree = "<group>"; };
		32E26542230B9B3D0001F4AE /* Tweeter.xcdatamodel */ = {isa = PBXFileReference; lastKnownFileType = wrapper.xcdatamodel; path = Tweeter.xcdatamodel; sourceTree = "<group>"; };
		32E26544230B9B400001F4AE /* Assets.xcassets */ = {isa = PBXFileReference; lastKnownFileType = folder.assetcatalog; path = Assets.xcassets; sourceTree = "<group>"; };
		32E26547230B9B400001F4AE /* Base */ = {isa = PBXFileReference; lastKnownFileType = file.storyboard; name = Base; path = Base.lproj/LaunchScreen.storyboard; sourceTree = "<group>"; };
		32E26549230B9B400001F4AE /* Info.plist */ = {isa = PBXFileReference; lastKnownFileType = text.plist.xml; path = Info.plist; sourceTree = "<group>"; };
		532FF786D2BE60CEC88721DA /* Pods_Tweeter.framework */ = {isa = PBXFileReference; explicitFileType = wrapper.framework; includeInIndex = 0; path = Pods_Tweeter.framework; sourceTree = BUILT_PRODUCTS_DIR; };
		89A1D02FC7C86B2CA1FC58CC /* Pods-Tweeter.debug.xcconfig */ = {isa = PBXFileReference; includeInIndex = 1; lastKnownFileType = text.xcconfig; name = "Pods-Tweeter.debug.xcconfig"; path = "Target Support Files/Pods-Tweeter/Pods-Tweeter.debug.xcconfig"; sourceTree = "<group>"; };
		EF62D5001CE977EBC419765C /* Pods-Tweeter.release.xcconfig */ = {isa = PBXFileReference; includeInIndex = 1; lastKnownFileType = text.xcconfig; name = "Pods-Tweeter.release.xcconfig"; path = "Target Support Files/Pods-Tweeter/Pods-Tweeter.release.xcconfig"; sourceTree = "<group>"; };
/* End PBXFileReference section */

/* Begin PBXFrameworksBuildPhase section */
		32E26534230B9B3D0001F4AE /* Frameworks */ = {
			isa = PBXFrameworksBuildPhase;
			buildActionMask = 2147483647;
			files = (
				C3C3039BAE12DFE55C87DD01 /* Pods_Tweeter.framework in Frameworks */,
			);
			runOnlyForDeploymentPostprocessing = 0;
		};
/* End PBXFrameworksBuildPhase section */

/* Begin PBXGroup section */
		1662E1D77198510462075EDC /* Pods */ = {
			isa = PBXGroup;
			children = (
				89A1D02FC7C86B2CA1FC58CC /* Pods-Tweeter.debug.xcconfig */,
				EF62D5001CE977EBC419765C /* Pods-Tweeter.release.xcconfig */,
			);
			path = Pods;
			sourceTree = "<group>";
		};
		32E2652E230B9B3D0001F4AE = {
			isa = PBXGroup;
			children = (
				32E26539230B9B3D0001F4AE /* Tweeter */,
				32E26538230B9B3D0001F4AE /* Products */,
				1662E1D77198510462075EDC /* Pods */,
				7A0B3D792F140BD990A68C3A /* Frameworks */,
			);
			sourceTree = "<group>";
		};
		32E26538230B9B3D0001F4AE /* Products */ = {
			isa = PBXGroup;
			children = (
				32E26537230B9B3D0001F4AE /* Tweeter.app */,
			);
			name = Products;
			sourceTree = "<group>";
		};
		32E26539230B9B3D0001F4AE /* Tweeter */ = {
			isa = PBXGroup;
			children = (
				32E2653A230B9B3D0001F4AE /* AppDelegate.swift */,
				32E2654F230B9E100001F4AE /* Controller */,
				32E26550230B9E220001F4AE /* Model */,
				32E26551230B9E2A0001F4AE /* View */,
				32E26544230B9B400001F4AE /* Assets.xcassets */,
				32E26546230B9B400001F4AE /* LaunchScreen.storyboard */,
				32E26549230B9B400001F4AE /* Info.plist */,
				320B20AA230C3480003262B8 /* GoogleService-Info.plist */,
				32E26541230B9B3D0001F4AE /* Tweeter.xcdatamodeld */,
			);
			path = Tweeter;
			sourceTree = "<group>";
		};
		32E2654F230B9E100001F4AE /* Controller */ = {
			isa = PBXGroup;
			children = (
				320B20A6230BC2BF003262B8 /* WelcomeViewController.swift */,
				320B20A4230BC1CB003262B8 /* CreateAccountViewController.swift */,
				320B20A8230C2925003262B8 /* LoginViewController.swift */,
				32E2653C230B9B3D0001F4AE /* HomeViewController.swift */,
				3211BAE1230E567D00C00A2E /* ComposeTweetViewController.swift */,
			);
			path = Controller;
			sourceTree = "<group>";
		};
		32E26550230B9E220001F4AE /* Model */ = {
			isa = PBXGroup;
			children = (
			);
			path = Model;
			sourceTree = "<group>";
		};
		32E26551230B9E2A0001F4AE /* View */ = {
			isa = PBXGroup;
			children = (
				32E2653E230B9B3D0001F4AE /* Main.storyboard */,
			);
			path = View;
			sourceTree = "<group>";
		};
		7A0B3D792F140BD990A68C3A /* Frameworks */ = {
			isa = PBXGroup;
			children = (
				532FF786D2BE60CEC88721DA /* Pods_Tweeter.framework */,
			);
			name = Frameworks;
			sourceTree = "<group>";
		};
/* End PBXGroup section */

/* Begin PBXNativeTarget section */
		32E26536230B9B3D0001F4AE /* Tweeter */ = {
			isa = PBXNativeTarget;
			buildConfigurationList = 32E2654C230B9B400001F4AE /* Build configuration list for PBXNativeTarget "Tweeter" */;
			buildPhases = (
				E49FD9AE105C1A31AE0E2BAC /* [CP] Check Pods Manifest.lock */,
				32E26533230B9B3D0001F4AE /* Sources */,
				32E26534230B9B3D0001F4AE /* Frameworks */,
				32E26535230B9B3D0001F4AE /* Resources */,
				6215A0663B6F69F867DEDC4D /* [CP] Embed Pods Frameworks */,
			);
			buildRules = (
			);
			dependencies = (
			);
			name = Tweeter;
			productName = Tweeter;
			productReference = 32E26537230B9B3D0001F4AE /* Tweeter.app */;
			productType = "com.apple.product-type.application";
		};
/* End PBXNativeTarget section */

/* Begin PBXProject section */
		32E2652F230B9B3D0001F4AE /* Project object */ = {
			isa = PBXProject;
			attributes = {
				LastSwiftUpdateCheck = 1020;
				LastUpgradeCheck = 1020;
				ORGANIZATIONNAME = "Vincent Luo";
				TargetAttributes = {
					32E26536230B9B3D0001F4AE = {
						CreatedOnToolsVersion = 10.2.1;
					};
				};
			};
			buildConfigurationList = 32E26532230B9B3D0001F4AE /* Build configuration list for PBXProject "Tweeter" */;
			compatibilityVersion = "Xcode 9.3";
			developmentRegion = en;
			hasScannedForEncodings = 0;
			knownRegions = (
				en,
				Base,
			);
			mainGroup = 32E2652E230B9B3D0001F4AE;
			productRefGroup = 32E26538230B9B3D0001F4AE /* Products */;
			projectDirPath = "";
			projectRoot = "";
			targets = (
				32E26536230B9B3D0001F4AE /* Tweeter */,
			);
		};
/* End PBXProject section */

/* Begin PBXResourcesBuildPhase section */
		32E26535230B9B3D0001F4AE /* Resources */ = {
			isa = PBXResourcesBuildPhase;
			buildActionMask = 2147483647;
			files = (
				32E26548230B9B400001F4AE /* LaunchScreen.storyboard in Resources */,
				32E26545230B9B400001F4AE /* Assets.xcassets in Resources */,
				32E26540230B9B3D0001F4AE /* Main.storyboard in Resources */,
				320B20AB230C3480003262B8 /* GoogleService-Info.plist in Resources */,
			);
			runOnlyForDeploymentPostprocessing = 0;
		};
/* End PBXResourcesBuildPhase section */

/* Begin PBXShellScriptBuildPhase section */
		6215A0663B6F69F867DEDC4D /* [CP] Embed Pods Frameworks */ = {
			isa = PBXShellScriptBuildPhase;
			buildActionMask = 2147483647;
			files = (
			);
			inputFileListPaths = (
				"${PODS_ROOT}/Target Support Files/Pods-Tweeter/Pods-Tweeter-frameworks-${CONFIGURATION}-input-files.xcfilelist",
			);
			name = "[CP] Embed Pods Frameworks";
			outputFileListPaths = (
				"${PODS_ROOT}/Target Support Files/Pods-Tweeter/Pods-Tweeter-frameworks-${CONFIGURATION}-output-files.xcfilelist",
			);
			runOnlyForDeploymentPostprocessing = 0;
			shellPath = /bin/sh;
			shellScript = "\"${PODS_ROOT}/Target Support Files/Pods-Tweeter/Pods-Tweeter-frameworks.sh\"\n";
			showEnvVarsInLog = 0;
		};
		E49FD9AE105C1A31AE0E2BAC /* [CP] Check Pods Manifest.lock */ = {
			isa = PBXShellScriptBuildPhase;
			buildActionMask = 2147483647;
			files = (
			);
			inputFileListPaths = (
			);
			inputPaths = (
				"${PODS_PODFILE_DIR_PATH}/Podfile.lock",
				"${PODS_ROOT}/Manifest.lock",
			);
			name = "[CP] Check Pods Manifest.lock";
			outputFileListPaths = (
			);
			outputPaths = (
				"$(DERIVED_FILE_DIR)/Pods-Tweeter-checkManifestLockResult.txt",
			);
			runOnlyForDeploymentPostprocessing = 0;
			shellPath = /bin/sh;
			shellScript = "diff \"${PODS_PODFILE_DIR_PATH}/Podfile.lock\" \"${PODS_ROOT}/Manifest.lock\" > /dev/null\nif [ $? != 0 ] ; then\n    # print error to STDERR\n    echo \"error: The sandbox is not in sync with the Podfile.lock. Run 'pod install' or update your CocoaPods installation.\" >&2\n    exit 1\nfi\n# This output is used by Xcode 'outputs' to avoid re-running this script phase.\necho \"SUCCESS\" > \"${SCRIPT_OUTPUT_FILE_0}\"\n";
			showEnvVarsInLog = 0;
		};
/* End PBXShellScriptBuildPhase section */

/* Begin PBXSourcesBuildPhase section */
		32E26533230B9B3D0001F4AE /* Sources */ = {
			isa = PBXSourcesBuildPhase;
			buildActionMask = 2147483647;
			files = (
				320B20A9230C2925003262B8 /* LoginViewController.swift in Sources */,
				320B20A5230BC1CB003262B8 /* CreateAccountViewController.swift in Sources */,
				32E26543230B9B3D0001F4AE /* Tweeter.xcdatamodeld in Sources */,
				32E2653D230B9B3D0001F4AE /* HomeViewController.swift in Sources */,
				3211BAE2230E567D00C00A2E /* ComposeTweetViewController.swift in Sources */,
				320B20A7230BC2BF003262B8 /* WelcomeViewController.swift in Sources */,
				32E2653B230B9B3D0001F4AE /* AppDelegate.swift in Sources */,
			);
			runOnlyForDeploymentPostprocessing = 0;
		};
/* End PBXSourcesBuildPhase section */

/* Begin PBXVariantGroup section */
		32E2653E230B9B3D0001F4AE /* Main.storyboard */ = {
			isa = PBXVariantGroup;
			children = (
				32E2653F230B9B3D0001F4AE /* Base */,
			);
			name = Main.storyboard;
			sourceTree = "<group>";
		};
		32E26546230B9B400001F4AE /* LaunchScreen.storyboard */ = {
			isa = PBXVariantGroup;
			children = (
				32E26547230B9B400001F4AE /* Base */,
			);
			name = LaunchScreen.storyboard;
			sourceTree = "<group>";
		};
/* End PBXVariantGroup section */

/* Begin XCBuildConfiguration section */
		32E2654A230B9B400001F4AE /* Debug */ = {
			isa = XCBuildConfiguration;
			buildSettings = {
				ALWAYS_SEARCH_USER_PATHS = NO;
				CLANG_ANALYZER_NONNULL = YES;
				CLANG_ANALYZER_NUMBER_OBJECT_CONVERSION = YES_AGGRESSIVE;
				CLANG_CXX_LANGUAGE_STANDARD = "gnu++14";
				CLANG_CXX_LIBRARY = "libc++";
				CLANG_ENABLE_MODULES = YES;
				CLANG_ENABLE_OBJC_ARC = YES;
				CLANG_ENABLE_OBJC_WEAK = YES;
				CLANG_WARN_BLOCK_CAPTURE_AUTORELEASING = YES;
				CLANG_WARN_BOOL_CONVERSION = YES;
				CLANG_WARN_COMMA = YES;
				CLANG_WARN_CONSTANT_CONVERSION = YES;
				CLANG_WARN_DEPRECATED_OBJC_IMPLEMENTATIONS = YES;
				CLANG_WARN_DIRECT_OBJC_ISA_USAGE = YES_ERROR;
				CLANG_WARN_DOCUMENTATION_COMMENTS = YES;
				CLANG_WARN_EMPTY_BODY = YES;
				CLANG_WARN_ENUM_CONVERSION = YES;
				CLANG_WARN_INFINITE_RECURSION = YES;
				CLANG_WARN_INT_CONVERSION = YES;
				CLANG_WARN_NON_LITERAL_NULL_CONVERSION = YES;
				CLANG_WARN_OBJC_IMPLICIT_RETAIN_SELF = YES;
				CLANG_WARN_OBJC_LITERAL_CONVERSION = YES;
				CLANG_WARN_OBJC_ROOT_CLASS = YES_ERROR;
				CLANG_WARN_RANGE_LOOP_ANALYSIS = YES;
				CLANG_WARN_STRICT_PROTOTYPES = YES;
				CLANG_WARN_SUSPICIOUS_MOVE = YES;
				CLANG_WARN_UNGUARDED_AVAILABILITY = YES_AGGRESSIVE;
				CLANG_WARN_UNREACHABLE_CODE = YES;
				CLANG_WARN__DUPLICATE_METHOD_MATCH = YES;
				CODE_SIGN_IDENTITY = "iPhone Developer";
				COPY_PHASE_STRIP = NO;
				DEBUG_INFORMATION_FORMAT = dwarf;
				ENABLE_STRICT_OBJC_MSGSEND = YES;
				ENABLE_TESTABILITY = YES;
				GCC_C_LANGUAGE_STANDARD = gnu11;
				GCC_DYNAMIC_NO_PIC = NO;
				GCC_NO_COMMON_BLOCKS = YES;
				GCC_OPTIMIZATION_LEVEL = 0;
				GCC_PREPROCESSOR_DEFINITIONS = (
					"DEBUG=1",
					"$(inherited)",
				);
				GCC_WARN_64_TO_32_BIT_CONVERSION = YES;
				GCC_WARN_ABOUT_RETURN_TYPE = YES_ERROR;
				GCC_WARN_UNDECLARED_SELECTOR = YES;
				GCC_WARN_UNINITIALIZED_AUTOS = YES_AGGRESSIVE;
				GCC_WARN_UNUSED_FUNCTION = YES;
				GCC_WARN_UNUSED_VARIABLE = YES;
				IPHONEOS_DEPLOYMENT_TARGET = 12.2;
				MTL_ENABLE_DEBUG_INFO = INCLUDE_SOURCE;
				MTL_FAST_MATH = YES;
				ONLY_ACTIVE_ARCH = YES;
				SDKROOT = iphoneos;
				SWIFT_ACTIVE_COMPILATION_CONDITIONS = DEBUG;
				SWIFT_OPTIMIZATION_LEVEL = "-Onone";
			};
			name = Debug;
		};
		32E2654B230B9B400001F4AE /* Release */ = {
			isa = XCBuildConfiguration;
			buildSettings = {
				ALWAYS_SEARCH_USER_PATHS = NO;
				CLANG_ANALYZER_NONNULL = YES;
				CLANG_ANALYZER_NUMBER_OBJECT_CONVERSION = YES_AGGRESSIVE;
				CLANG_CXX_LANGUAGE_STANDARD = "gnu++14";
				CLANG_CXX_LIBRARY = "libc++";
				CLANG_ENABLE_MODULES = YES;
				CLANG_ENABLE_OBJC_ARC = YES;
				CLANG_ENABLE_OBJC_WEAK = YES;
				CLANG_WARN_BLOCK_CAPTURE_AUTORELEASING = YES;
				CLANG_WARN_BOOL_CONVERSION = YES;
				CLANG_WARN_COMMA = YES;
				CLANG_WARN_CONSTANT_CONVERSION = YES;
				CLANG_WARN_DEPRECATED_OBJC_IMPLEMENTATIONS = YES;
				CLANG_WARN_DIRECT_OBJC_ISA_USAGE = YES_ERROR;
				CLANG_WARN_DOCUMENTATION_COMMENTS = YES;
				CLANG_WARN_EMPTY_BODY = YES;
				CLANG_WARN_ENUM_CONVERSION = YES;
				CLANG_WARN_INFINITE_RECURSION = YES;
				CLANG_WARN_INT_CONVERSION = YES;
				CLANG_WARN_NON_LITERAL_NULL_CONVERSION = YES;
				CLANG_WARN_OBJC_IMPLICIT_RETAIN_SELF = YES;
				CLANG_WARN_OBJC_LITERAL_CONVERSION = YES;
				CLANG_WARN_OBJC_ROOT_CLASS = YES_ERROR;
				CLANG_WARN_RANGE_LOOP_ANALYSIS = YES;
				CLANG_WARN_STRICT_PROTOTYPES = YES;
				CLANG_WARN_SUSPICIOUS_MOVE = YES;
				CLANG_WARN_UNGUARDED_AVAILABILITY = YES_AGGRESSIVE;
				CLANG_WARN_UNREACHABLE_CODE = YES;
				CLANG_WARN__DUPLICATE_METHOD_MATCH = YES;
				CODE_SIGN_IDENTITY = "iPhone Developer";
				COPY_PHASE_STRIP = NO;
				DEBUG_INFORMATION_FORMAT = "dwarf-with-dsym";
				ENABLE_NS_ASSERTIONS = NO;
				ENABLE_STRICT_OBJC_MSGSEND = YES;
				GCC_C_LANGUAGE_STANDARD = gnu11;
				GCC_NO_COMMON_BLOCKS = YES;
				GCC_WARN_64_TO_32_BIT_CONVERSION = YES;
				GCC_WARN_ABOUT_RETURN_TYPE = YES_ERROR;
				GCC_WARN_UNDECLARED_SELECTOR = YES;
				GCC_WARN_UNINITIALIZED_AUTOS = YES_AGGRESSIVE;
				GCC_WARN_UNUSED_FUNCTION = YES;
				GCC_WARN_UNUSED_VARIABLE = YES;
				IPHONEOS_DEPLOYMENT_TARGET = 12.2;
				MTL_ENABLE_DEBUG_INFO = NO;
				MTL_FAST_MATH = YES;
				SDKROOT = iphoneos;
				SWIFT_COMPILATION_MODE = wholemodule;
				SWIFT_OPTIMIZATION_LEVEL = "-O";
				VALIDATE_PRODUCT = YES;
			};
			name = Release;
		};
		32E2654D230B9B400001F4AE /* Debug */ = {
			isa = XCBuildConfiguration;
			baseConfigurationReference = 89A1D02FC7C86B2CA1FC58CC /* Pods-Tweeter.debug.xcconfig */;
			buildSettings = {
				ASSETCATALOG_COMPILER_APPICON_NAME = AppIcon;
				CODE_SIGN_STYLE = Automatic;
				DEVELOPMENT_TEAM = 42MTUPQS75;
				INFOPLIST_FILE = Tweeter/Info.plist;
				LD_RUNPATH_SEARCH_PATHS = (
					"$(inherited)",
					"@executable_path/Frameworks",
				);
				PRODUCT_BUNDLE_IDENTIFIER = com.vincent.Tweeter;
				PRODUCT_NAME = "$(TARGET_NAME)";
				SWIFT_VERSION = 5.0;
				TARGETED_DEVICE_FAMILY = "1,2";
			};
			name = Debug;
		};
		32E2654E230B9B400001F4AE /* Release */ = {
			isa = XCBuildConfiguration;
			baseConfigurationReference = EF62D5001CE977EBC419765C /* Pods-Tweeter.release.xcconfig */;
			buildSettings = {
				ASSETCATALOG_COMPILER_APPICON_NAME = AppIcon;
				CODE_SIGN_STYLE = Automatic;
				DEVELOPMENT_TEAM = 42MTUPQS75;
				INFOPLIST_FILE = Tweeter/Info.plist;
				LD_RUNPATH_SEARCH_PATHS = (
					"$(inherited)",
					"@executable_path/Frameworks",
				);
				PRODUCT_BUNDLE_IDENTIFIER = com.vincent.Tweeter;
				PRODUCT_NAME = "$(TARGET_NAME)";
				SWIFT_VERSION = 5.0;
				TARGETED_DEVICE_FAMILY = "1,2";
			};
			name = Release;
		};
/* End XCBuildConfiguration section */

/* Begin XCConfigurationList section */
		32E26532230B9B3D0001F4AE /* Build configuration list for PBXProject "Tweeter" */ = {
			isa = XCConfigurationList;
			buildConfigurations = (
				32E2654A230B9B400001F4AE /* Debug */,
				32E2654B230B9B400001F4AE /* Release */,
			);
			defaultConfigurationIsVisible = 0;
			defaultConfigurationName = Release;
		};
		32E2654C230B9B400001F4AE /* Build configuration list for PBXNativeTarget "Tweeter" */ = {
			isa = XCConfigurationList;
			buildConfigurations = (
				32E2654D230B9B400001F4AE /* Debug */,
				32E2654E230B9B400001F4AE /* Release */,
			);
			defaultConfigurationIsVisible = 0;
			defaultConfigurationName = Release;
		};
/* End XCConfigurationList section */

/* Begin XCVersionGroup section */
		32E26541230B9B3D0001F4AE /* Tweeter.xcdatamodeld */ = {
			isa = XCVersionGroup;
			children = (
				32E26542230B9B3D0001F4AE /* Tweeter.xcdatamodel */,
			);
			currentVersion = 32E26542230B9B3D0001F4AE /* Tweeter.xcdatamodel */;
			path = Tweeter.xcdatamodeld;
			sourceTree = "<group>";
			versionGroupType = wrapper.xcdatamodel;
		};
/* End XCVersionGroup section */
	};
	rootObject = 32E2652F230B9B3D0001F4AE /* Project object */;
}
